
Microsoft Visual Studio Solution File, Format Version 12.00
# Visual Studio Version 17
VisualStudioVersion = 17.2.32314.265
MinimumVisualStudioVersion = 10.0.40219.1
Project("{FAE04EC0-301F-11D3-BF4B-00C04F79EFBC}") = "Elden Square", "Elden Square.csproj", "{6A80B236-8D05-4E85-8BA1-1AB949C3FC49}"
EndProject
Global
	GlobalSection(SolutionConfigurationPlatforms) = preSolution
		Debug|Any CPU = Debug|Any CPU
		Release|Any CPU = Release|Any CPU
	EndGlobalSection
	GlobalSection(ProjectConfigurationPlatforms) = postSolution
		{6A80B236-8D05-4E85-8BA1-1AB949C3FC49}.Debug|Any CPU.ActiveCfg = Debug|Any CPU
		{6A80B236-8D05-4E85-8BA1-1AB949C3FC49}.Debug|Any CPU.Build.0 = Debug|Any CPU
		{6A80B236-8D05-4E85-8BA1-1AB949C3FC49}.Release|Any CPU.ActiveCfg = Release|Any CPU
		{6A80B236-8D05-4E85-8BA1-1AB949C3FC49}.Release|Any CPU.Build.0 = Release|Any CPU
	EndGlobalSection
	GlobalSection(SolutionProperties) = preSolution
		HideSolutionNode = FALSE
	EndGlobalSection
	GlobalSection(ExtensibilityGlobals) = postSolution
		SolutionGuid = {13EEEFBC-ED68-4D95-A7CA-40C9CCA68B74}
	EndGlobalSection
EndGlobal
